# THIS IS AN AUTOGENERATED FILE. DO NOT EDIT THIS FILE DIRECTLY.
# yarn lockfile v1


cookieconsent@^3.1.1:
  version "3.1.1"
  resolved "https://registry.yarnpkg.com/cookieconsent/-/cookieconsent-3.1.1.tgz#f90bfadcaeef7d2bdcdd8278257f7264cb5d6819"
  integrity sha512-v8JWLJcI7Zs9NWrs8hiVldVtm3EBF70TJI231vxn6YToBGj0c9dvdnYwltydkAnrbBMOM/qX1xLFrnTfm5wTag==
